// !$*UTF8*$!
{
	archiveVersion = 1;
	classes = {
	};
	objectVersion = 46;
	objects = {

/* Begin PBXBuildFile section */
		181992F91ED9333F007F31D5 /* main.m in Sources */ = {isa = PBXBuildFile; fileRef = 181992F81ED9333F007F31D5 /* main.m */; };
		181992FC1ED9333F007F31D5 /* AppDelegate.m in Sources */ = {isa = PBXBuildFile; fileRef = 181992FB1ED9333F007F31D5 /* AppDelegate.m */; };
		181992FF1ED9333F007F31D5 /* ViewController.m in Sources */ = {isa = PBXBuildFile; fileRef = 181992FE1ED9333F007F31D5 /* ViewController.m */; };
		181993021ED9333F007F31D5 /* Main.storyboard in Resources */ = {isa = PBXBuildFile; fileRef = 181993001ED9333F007F31D5 /* Main.storyboard */; };
		181993041ED9333F007F31D5 /* Assets.xcassets in Resources */ = {isa = PBXBuildFile; fileRef = 181993031ED9333F007F31D5 /* Assets.xcassets */; };
		181993071ED9333F007F31D5 /* LaunchScreen.storyboard in Resources */ = {isa = PBXBuildFile; fileRef = 181993051ED9333F007F31D5 /* LaunchScreen.storyboard */; };
		181993121ED9333F007F31D5 /* googleDemoTests.m in Sources */ = {isa = PBXBuildFile; fileRef = 181993111ED9333F007F31D5 /* googleDemoTests.m */; };
		1819931D1ED9333F007F31D5 /* googleDemoUITests.m in Sources */ = {isa = PBXBuildFile; fileRef = 1819931C1ED9333F007F31D5 /* googleDemoUITests.m */; };
		1858EA9B1EDFBDF400FC850D /* jxhttps.m in Sources */ = {isa = PBXBuildFile; fileRef = 1858EA9A1EDFBDF400FC850D /* jxhttps.m */; };
		1858EAB41EDFBF8000FC850D /* Reachability.m in Sources */ = {isa = PBXBuildFile; fileRef = 1858EAA01EDFBF8000FC850D /* Reachability.m */; };
		1858EAB51EDFBF8000FC850D /* MBProgressHUD+Add.m in Sources */ = {isa = PBXBuildFile; fileRef = 1858EAA41EDFBF8000FC850D /* MBProgressHUD+Add.m */; };
		1858EAB61EDFBF8000FC850D /* MBProgressHUD.m in Sources */ = {isa = PBXBuildFile; fileRef = 1858EAA61EDFBF8000FC850D /* MBProgressHUD.m */; };
		1858EAB71EDFBF8000FC850D /* MHAsiNetworkHandler.m in Sources */ = {isa = PBXBuildFile; fileRef = 1858EAAB1EDFBF8000FC850D /* MHAsiNetworkHandler.m */; };
		1858EAB81EDFBF8000FC850D /* MHAsiNetworkItem.m in Sources */ = {isa = PBXBuildFile; fileRef = 1858EAAD1EDFBF8000FC850D /* MHAsiNetworkItem.m */; };
		1858EAB91EDFBF8000FC850D /* MHNetworkManager.m in Sources */ = {isa = PBXBuildFile; fileRef = 1858EAB01EDFBF8000FC850D /* MHNetworkManager.m */; };
		1858EABA1EDFBF8000FC850D /* MHUploadParam.m in Sources */ = {isa = PBXBuildFile; fileRef = 1858EAB31EDFBF8000FC850D /* MHUploadParam.m */; };
		8CDE474E929325EEC3F45A70 /* libPods-googleDemoTests.a in Frameworks */ = {isa = PBXBuildFile; fileRef = 3DEC74144E9E5BA12BD38097 /* libPods-googleDemoTests.a */; };
		9274FD3BA454D4A4743B0259 /* libPods-googleDemo.a in Frameworks */ = {isa = PBXBuildFile; fileRef = E3C12B75BB91F40689F9743A /* libPods-googleDemo.a */; };
		B8EF4692CD65CAE5A6550129 /* libPods-googleDemoUITests.a in Frameworks */ = {isa = PBXBuildFile; fileRef = CDD525CE6CFD96398B793411 /* libPods-googleDemoUITests.a */; };
/* End PBXBuildFile section */

/* Begin PBXContainerItemProxy section */
		1819930E1ED9333F007F31D5 /* PBXContainerItemProxy */ = {
			isa = PBXContainerItemProxy;
			containerPortal = 181992EC1ED9333F007F31D5 /* Project object */;
			proxyType = 1;
			remoteGlobalIDString = 181992F31ED9333F007F31D5;
			remoteInfo = googleDemo;
		};
		181993191ED9333F007F31D5 /* PBXContainerItemProxy */ = {
			isa = PBXContainerItemProxy;
			containerPortal = 181992EC1ED9333F007F31D5 /* Project object */;
			proxyType = 1;
			remoteGlobalIDString = 181992F31ED9333F007F31D5;
			remoteInfo = googleDemo;
		};
/* End PBXContainerItemProxy section */

/* Begin PBXFileReference section */
		0B732B0A7BBE10E687AACD53 /* Pods-googleDemoTests.release.xcconfig */ = {isa = PBXFileReference; includeInIndex = 1; lastKnownFileType = text.xcconfig; name = "Pods-googleDemoTests.release.xcconfig"; path = "Pods/Target Support Files/Pods-googleDemoTests/Pods-googleDemoTests.release.xcconfig"; sourceTree = "<group>"; };
		181992F41ED9333F007F31D5 /* googleDemo.app */ = {isa = PBXFileReference; explicitFileType = wrapper.application; includeInIndex = 0; path = googleDemo.app; sourceTree = BUILT_PRODUCTS_DIR; };
		181992F81ED9333F007F31D5 /* main.m */ = {isa = PBXFileReference; lastKnownFileType = sourcecode.c.objc; path = main.m; sourceTree = "<group>"; };
		181992FA1ED9333F007F31D5 /* AppDelegate.h */ = {isa = PBXFileReference; lastKnownFileType = sourcecode.c.h; path = AppDelegate.h; sourceTree = "<group>"; };
		181992FB1ED9333F007F31D5 /* AppDelegate.m */ = {isa = PBXFileReference; lastKnownFileType = sourcecode.c.objc; path = AppDelegate.m; sourceTree = "<group>"; };
		181992FD1ED9333F007F31D5 /* ViewController.h */ = {isa = PBXFileReference; lastKnownFileType = sourcecode.c.h; path = ViewController.h; sourceTree = "<group>"; };
		181992FE1ED9333F007F31D5 /* ViewController.m */ = {isa = PBXFileReference; lastKnownFileType = sourcecode.c.objc; path = ViewController.m; sourceTree = "<group>"; };
		181993011ED9333F007F31D5 /* Base */ = {isa = PBXFileReference; lastKnownFileType = file.storyboard; name = Base; path = Base.lproj/Main.storyboard; sourceTree = "<group>"; };
		181993031ED9333F007F31D5 /* Assets.xcassets */ = {isa = PBXFileReference; lastKnownFileType = folder.assetcatalog; path = Assets.xcassets; sourceTree = "<group>"; };
		181993061ED9333F007F31D5 /* Base */ = {isa = PBXFileReference; lastKnownFileType = file.storyboard; name = Base; path = Base.lproj/LaunchScreen.storyboard; sourceTree = "<group>"; };
		181993081ED9333F007F31D5 /* Info.plist */ = {isa = PBXFileReference; lastKnownFileType = text.plist.xml; path = Info.plist; sourceTree = "<group>"; };
		1819930D1ED9333F007F31D5 /* googleDemoTests.xctest */ = {isa = PBXFileReference; explicitFileType = wrapper.cfbundle; includeInIndex = 0; path = googleDemoTests.xctest; sourceTree = BUILT_PRODUCTS_DIR; };
		181993111ED9333F007F31D5 /* googleDemoTests.m */ = {isa = PBXFileReference; lastKnownFileType = sourcecode.c.objc; path = googleDemoTests.m; sourceTree = "<group>"; };
		181993131ED9333F007F31D5 /* Info.plist */ = {isa = PBXFileReference; lastKnownFileType = text.plist.xml; path = Info.plist; sourceTree = "<group>"; };
		181993181ED9333F007F31D5 /* googleDemoUITests.xctest */ = {isa = PBXFileReference; explicitFileType = wrapper.cfbundle; includeInIndex = 0; path = googleDemoUITests.xctest; sourceTree = BUILT_PRODUCTS_DIR; };
		1819931C1ED9333F007F31D5 /* googleDemoUITests.m */ = {isa = PBXFileReference; lastKnownFileType = sourcecode.c.objc; path = googleDemoUITests.m; sourceTree = "<group>"; };
		1819931E1ED9333F007F31D5 /* Info.plist */ = {isa = PBXFileReference; lastKnownFileType = text.plist.xml; path = Info.plist; sourceTree = "<group>"; };
		1858EA991EDFBDF400FC850D /* jxhttps.h */ = {isa = PBXFileReference; fileEncoding = 4; lastKnownFileType = sourcecode.c.h; path = jxhttps.h; sourceTree = "<group>"; };
		1858EA9A1EDFBDF400FC850D /* jxhttps.m */ = {isa = PBXFileReference; fileEncoding = 4; lastKnownFileType = sourcecode.c.objc; path = jxhttps.m; sourceTree = "<group>"; };
		1858EA9F1EDFBF8000FC850D /* Reachability.h */ = {isa = PBXFileReference; fileEncoding = 4; lastKnownFileType = sourcecode.c.h; path = Reachability.h; sourceTree = "<group>"; };
		1858EAA01EDFBF8000FC850D /* Reachability.m */ = {isa = PBXFileReference; fileEncoding = 4; lastKnownFileType = sourcecode.c.objc; path = Reachability.m; sourceTree = "<group>"; };
		1858EAA31EDFBF8000FC850D /* MBProgressHUD+Add.h */ = {isa = PBXFileReference; fileEncoding = 4; lastKnownFileType = sourcecode.c.h; path = "MBProgressHUD+Add.h"; sourceTree = "<group>"; };
		1858EAA41EDFBF8000FC850D /* MBProgressHUD+Add.m */ = {isa = PBXFileReference; fileEncoding = 4; lastKnownFileType = sourcecode.c.objc; path = "MBProgressHUD+Add.m"; sourceTree = "<group>"; };
		1858EAA51EDFBF8000FC850D /* MBProgressHUD.h */ = {isa = PBXFileReference; fileEncoding = 4; lastKnownFileType = sourcecode.c.h; path = MBProgressHUD.h; sourceTree = "<group>"; };
		1858EAA61EDFBF8000FC850D /* MBProgressHUD.m */ = {isa = PBXFileReference; fileEncoding = 4; lastKnownFileType = sourcecode.c.objc; path = MBProgressHUD.m; sourceTree = "<group>"; };
		1858EAA81EDFBF8000FC850D /* MHAsiNetworkDefine.h */ = {isa = PBXFileReference; fileEncoding = 4; lastKnownFileType = sourcecode.c.h; path = MHAsiNetworkDefine.h; sourceTree = "<group>"; };
		1858EAA91EDFBF8000FC850D /* MHAsiNetworkDelegate.h */ = {isa = PBXFileReference; fileEncoding = 4; lastKnownFileType = sourcecode.c.h; path = MHAsiNetworkDelegate.h; sourceTree = "<group>"; };
		1858EAAA1EDFBF8000FC850D /* MHAsiNetworkHandler.h */ = {isa = PBXFileReference; fileEncoding = 4; lastKnownFileType = sourcecode.c.h; path = MHAsiNetworkHandler.h; sourceTree = "<group>"; };
		1858EAAB1EDFBF8000FC850D /* MHAsiNetworkHandler.m */ = {isa = PBXFileReference; fileEncoding = 4; lastKnownFileType = sourcecode.c.objc; path = MHAsiNetworkHandler.m; sourceTree = "<group>"; };
		1858EAAC1EDFBF8000FC850D /* MHAsiNetworkItem.h */ = {isa = PBXFileReference; fileEncoding = 4; lastKnownFileType = sourcecode.c.h; path = MHAsiNetworkItem.h; sourceTree = "<group>"; };
		1858EAAD1EDFBF8000FC850D /* MHAsiNetworkItem.m */ = {isa = PBXFileReference; fileEncoding = 4; lastKnownFileType = sourcecode.c.objc; path = MHAsiNetworkItem.m; sourceTree = "<group>"; };
		1858EAAE1EDFBF8000FC850D /* MHAsiNetworkUrl.h */ = {isa = PBXFileReference; fileEncoding = 4; lastKnownFileType = sourcecode.c.h; path = MHAsiNetworkUrl.h; sourceTree = "<group>"; };
		1858EAAF1EDFBF8000FC850D /* MHNetworkManager.h */ = {isa = PBXFileReference; fileEncoding = 4; lastKnownFileType = sourcecode.c.h; path = MHNetworkManager.h; sourceTree = "<group>"; };
		1858EAB01EDFBF8000FC850D /* MHNetworkManager.m */ = {isa = PBXFileReference; fileEncoding = 4; lastKnownFileType = sourcecode.c.objc; path = MHNetworkManager.m; sourceTree = "<group>"; };
		1858EAB11EDFBF8000FC850D /* MHNetwrok.h */ = {isa = PBXFileReference; fileEncoding = 4; lastKnownFileType = sourcecode.c.h; path = MHNetwrok.h; sourceTree = "<group>"; };
		1858EAB21EDFBF8000FC850D /* MHUploadParam.h */ = {isa = PBXFileReference; fileEncoding = 4; lastKnownFileType = sourcecode.c.h; path = MHUploadParam.h; sourceTree = "<group>"; };
		1858EAB31EDFBF8000FC850D /* MHUploadParam.m */ = {isa = PBXFileReference; fileEncoding = 4; lastKnownFileType = sourcecode.c.objc; path = MHUploadParam.m; sourceTree = "<group>"; };
		3CCB213D082380626FC29B0C /* Pods-googleDemoUITests.release.xcconfig */ = {isa = PBXFileReference; includeInIndex = 1; lastKnownFileType = text.xcconfig; name = "Pods-googleDemoUITests.release.xcconfig"; path = "Pods/Target Support Files/Pods-googleDemoUITests/Pods-googleDemoUITests.release.xcconfig"; sourceTree = "<group>"; };
		3DEC74144E9E5BA12BD38097 /* libPods-googleDemoTests.a */ = {isa = PBXFileReference; explicitFileType = archive.ar; includeInIndex = 0; path = "libPods-googleDemoTests.a"; sourceTree = BUILT_PRODUCTS_DIR; };
		70A8B7645B372C8B2EAFA99E /* Pods-googleDemoTests.debug.xcconfig */ = {isa = PBXFileReference; includeInIndex = 1; lastKnownFileType = text.xcconfig; name = "Pods-googleDemoTests.debug.xcconfig"; path = "Pods/Target Support Files/Pods-googleDemoTests/Pods-googleDemoTests.debug.xcconfig"; sourceTree = "<group>"; };
		8699CB1B3A3D468977BA233F /* Pods-googleDemoUITests.debug.xcconfig */ = {isa = PBXFileReference; includeInIndex = 1; lastKnownFileType = text.xcconfig; name = "Pods-googleDemoUITests.debug.xcconfig"; path = "Pods/Target Support Files/Pods-googleDemoUITests/Pods-googleDemoUITests.debug.xcconfig"; sourceTree = "<group>"; };
		8E933B08DEE06A7E9BAF2AD3 /* Pods-googleDemo.debug.xcconfig */ = {isa = PBXFileReference; includeInIndex = 1; lastKnownFileType = text.xcconfig; name = "Pods-googleDemo.debug.xcconfig"; path = "Pods/Target Support Files/Pods-googleDemo/Pods-googleDemo.debug.xcconfig"; sourceTree = "<group>"; };
		994794F735D093EBAFD0C4ED /* Pods-googleDemo.release.xcconfig */ = {isa = PBXFileReference; includeInIndex = 1; lastKnownFileType = text.xcconfig; name = "Pods-googleDemo.release.xcconfig"; path = "Pods/Target Support Files/Pods-googleDemo/Pods-googleDemo.release.xcconfig"; sourceTree = "<group>"; };
		CDD525CE6CFD96398B793411 /* libPods-googleDemoUITests.a */ = {isa = PBXFileReference; explicitFileType = archive.ar; includeInIndex = 0; path = "libPods-googleDemoUITests.a"; sourceTree = BUILT_PRODUCTS_DIR; };
		E3C12B75BB91F40689F9743A /* libPods-googleDemo.a */ = {isa = PBXFileReference; explicitFileType = archive.ar; includeInIndex = 0; path = "libPods-googleDemo.a"; sourceTree = BUILT_PRODUCTS_DIR; };
/* End PBXFileReference section */

/* Begin PBXFrameworksBuildPhase section */
		181992F11ED9333F007F31D5 /* Frameworks */ = {
			isa = PBXFrameworksBuildPhase;
			buildActionMask = 2147483647;
			files = (
				9274FD3BA454D4A4743B0259 /* libPods-googleDemo.a in Frameworks */,
			);
			runOnlyForDeploymentPostprocessing = 0;
		};
		1819930A1ED9333F007F31D5 /* Frameworks */ = {
			isa = PBXFrameworksBuildPhase;
			buildActionMask = 2147483647;
			files = (
				8CDE474E929325EEC3F45A70 /* libPods-googleDemoTests.a in Frameworks */,
			);
			runOnlyForDeploymentPostprocessing = 0;
		};
		181993151ED9333F007F31D5 /* Frameworks */ = {
			isa = PBXFrameworksBuildPhase;
			buildActionMask = 2147483647;
			files = (
				B8EF4692CD65CAE5A6550129 /* libPods-googleDemoUITests.a in Frameworks */,
			);
			runOnlyForDeploymentPostprocessing = 0;
		};
/* End PBXFrameworksBuildPhase section */

/* Begin PBXGroup section */
		181992EB1ED9333F007F31D5 = {
			isa = PBXGroup;
			children = (
				181992F61ED9333F007F31D5 /* googleDemo */,
				181993101ED9333F007F31D5 /* googleDemoTests */,
				1819931B1ED9333F007F31D5 /* googleDemoUITests */,
				181992F51ED9333F007F31D5 /* Products */,
				5FCA9D07D56F6AC949CB4E6F /* Pods */,
				885EDDB54377C4B4E7195357 /* Frameworks */,
			);
			sourceTree = "<group>";
		};
		181992F51ED9333F007F31D5 /* Products */ = {
			isa = PBXGroup;
			children = (
				181992F41ED9333F007F31D5 /* googleDemo.app */,
				1819930D1ED9333F007F31D5 /* googleDemoTests.xctest */,
				181993181ED9333F007F31D5 /* googleDemoUITests.xctest */,
			);
			name = Products;
			sourceTree = "<group>";
		};
		181992F61ED9333F007F31D5 /* googleDemo */ = {
			isa = PBXGroup;
			children = (
				1858EA9C1EDFBF8000FC850D /* Netwroking */,
				181992FA1ED9333F007F31D5 /* AppDelegate.h */,
				181992FB1ED9333F007F31D5 /* AppDelegate.m */,
				181992FD1ED9333F007F31D5 /* ViewController.h */,
				181992FE1ED9333F007F31D5 /* ViewController.m */,
				1858EA991EDFBDF400FC850D /* jxhttps.h */,
				1858EA9A1EDFBDF400FC850D /* jxhttps.m */,
				181993001ED9333F007F31D5 /* Main.storyboard */,
				181993031ED9333F007F31D5 /* Assets.xcassets */,
				181993051ED9333F007F31D5 /* LaunchScreen.storyboard */,
				181993081ED9333F007F31D5 /* Info.plist */,
				181992F71ED9333F007F31D5 /* Supporting Files */,
			);
			path = googleDemo;
			sourceTree = "<group>";
		};
		181992F71ED9333F007F31D5 /* Supporting Files */ = {
			isa = PBXGroup;
			children = (
				181992F81ED9333F007F31D5 /* main.m */,
			);
			name = "Supporting Files";
			sourceTree = "<group>";
		};
		181993101ED9333F007F31D5 /* googleDemoTests */ = {
			isa = PBXGroup;
			children = (
				181993111ED9333F007F31D5 /* googleDemoTests.m */,
				181993131ED9333F007F31D5 /* Info.plist */,
			);
			path = googleDemoTests;
			sourceTree = "<group>";
		};
		1819931B1ED9333F007F31D5 /* googleDemoUITests */ = {
			isa = PBXGroup;
			children = (
				1819931C1ED9333F007F31D5 /* googleDemoUITests.m */,
				1819931E1ED9333F007F31D5 /* Info.plist */,
			);
			path = googleDemoUITests;
			sourceTree = "<group>";
		};
		1858EA9C1EDFBF8000FC850D /* Netwroking */ = {
			isa = PBXGroup;
			children = (
				1858EA9D1EDFBF8000FC850D /* AFN */,
				1858EAA21EDFBF8000FC850D /* MBProgressHUD */,
				1858EAA71EDFBF8000FC850D /* NetwrokHandle */,
			);
			path = Netwroking;
			sourceTree = "<group>";
		};
		1858EA9D1EDFBF8000FC850D /* AFN */ = {
			isa = PBXGroup;
			children = (
				1858EA9E1EDFBF8000FC850D /* AFNetworking */,
				1858EA9F1EDFBF8000FC850D /* Reachability.h */,
				1858EAA01EDFBF8000FC850D /* Reachability.m */,
				1858EAA11EDFBF8000FC850D /* UIKit+AFNetworking */,
			);
			path = AFN;
			sourceTree = "<group>";
		};
		1858EA9E1EDFBF8000FC850D /* AFNetworking */ = {
			isa = PBXGroup;
			children = (
			);
			path = AFNetworking;
			sourceTree = "<group>";
		};
		1858EAA11EDFBF8000FC850D /* UIKit+AFNetworking */ = {
			isa = PBXGroup;
			children = (
			);
			path = "UIKit+AFNetworking";
			sourceTree = "<group>";
		};
		1858EAA21EDFBF8000FC850D /* MBProgressHUD */ = {
			isa = PBXGroup;
			children = (
				1858EAA31EDFBF8000FC850D /* MBProgressHUD+Add.h */,
				1858EAA41EDFBF8000FC850D /* MBProgressHUD+Add.m */,
				1858EAA51EDFBF8000FC850D /* MBProgressHUD.h */,
				1858EAA61EDFBF8000FC850D /* MBProgressHUD.m */,
			);
			path = MBProgressHUD;
			sourceTree = "<group>";
		};
		1858EAA71EDFBF8000FC850D /* NetwrokHandle */ = {
			isa = PBXGroup;
			children = (
				1858EAA81EDFBF8000FC850D /* MHAsiNetworkDefine.h */,
				1858EAA91EDFBF8000FC850D /* MHAsiNetworkDelegate.h */,
				1858EAAA1EDFBF8000FC850D /* MHAsiNetworkHandler.h */,
				1858EAAB1EDFBF8000FC850D /* MHAsiNetworkHandler.m */,
				1858EAAC1EDFBF8000FC850D /* MHAsiNetworkItem.h */,
				1858EAAD1EDFBF8000FC850D /* MHAsiNetworkItem.m */,
				1858EAAE1EDFBF8000FC850D /* MHAsiNetworkUrl.h */,
				1858EAAF1EDFBF8000FC850D /* MHNetworkManager.h */,
				1858EAB01EDFBF8000FC850D /* MHNetworkManager.m */,
				1858EAB11EDFBF8000FC850D /* MHNetwrok.h */,
				1858EAB21EDFBF8000FC850D /* MHUploadParam.h */,
				1858EAB31EDFBF8000FC850D /* MHUploadParam.m */,
			);
			path = NetwrokHandle;
			sourceTree = "<group>";
		};
		5FCA9D07D56F6AC949CB4E6F /* Pods */ = {
			isa = PBXGroup;
			children = (
				8E933B08DEE06A7E9BAF2AD3 /* Pods-googleDemo.debug.xcconfig */,
				994794F735D093EBAFD0C4ED /* Pods-googleDemo.release.xcconfig */,
				70A8B7645B372C8B2EAFA99E /* Pods-googleDemoTests.debug.xcconfig */,
				0B732B0A7BBE10E687AACD53 /* Pods-googleDemoTests.release.xcconfig */,
				8699CB1B3A3D468977BA233F /* Pods-googleDemoUITests.debug.xcconfig */,
				3CCB213D082380626FC29B0C /* Pods-googleDemoUITests.release.xcconfig */,
			);
			name = Pods;
			sourceTree = "<group>";
		};
		885EDDB54377C4B4E7195357 /* Frameworks */ = {
			isa = PBXGroup;
			children = (
				E3C12B75BB91F40689F9743A /* libPods-googleDemo.a */,
				3DEC74144E9E5BA12BD38097 /* libPods-googleDemoTests.a */,
				CDD525CE6CFD96398B793411 /* libPods-googleDemoUITests.a */,
			);
			name = Frameworks;
			sourceTree = "<group>";
		};
/* End PBXGroup section */

/* Begin PBXNativeTarget section */
		181992F31ED9333F007F31D5 /* googleDemo */ = {
			isa = PBXNativeTarget;
			buildConfigurationList = 181993211ED9333F007F31D5 /* Build configuration list for PBXNativeTarget "googleDemo" */;
			buildPhases = (
				AB1D299C058B10FB000941D2 /* [CP] Check Pods Manifest.lock */,
				181992F01ED9333F007F31D5 /* Sources */,
				181992F11ED9333F007F31D5 /* Frameworks */,
				181992F21ED9333F007F31D5 /* Resources */,
				FF087840BC3631D2BBCB38FF /* [CP] Embed Pods Frameworks */,
				4861900F4E0F7F950265C821 /* [CP] Copy Pods Resources */,
			);
			buildRules = (
			);
			dependencies = (
			);
			name = googleDemo;
			productName = googleDemo;
			productReference = 181992F41ED9333F007F31D5 /* googleDemo.app */;
			productType = "com.apple.product-type.application";
		};
		1819930C1ED9333F007F31D5 /* googleDemoTests */ = {
			isa = PBXNativeTarget;
			buildConfigurationList = 181993241ED9333F007F31D5 /* Build configuration list for PBXNativeTarget "googleDemoTests" */;
			buildPhases = (
				0601E161059CF075B3350DCC /* [CP] Check Pods Manifest.lock */,
				181993091ED9333F007F31D5 /* Sources */,
				1819930A1ED9333F007F31D5 /* Frameworks */,
				1819930B1ED9333F007F31D5 /* Resources */,
				D9BC87F32EC07474FB7F4F5E /* [CP] Embed Pods Frameworks */,
				1F493B84E80D31192774060D /* [CP] Copy Pods Resources */,
			);
			buildRules = (
			);
			dependencies = (
				1819930F1ED9333F007F31D5 /* PBXTargetDependency */,
			);
			name = googleDemoTests;
			productName = googleDemoTests;
			productReference = 1819930D1ED9333F007F31D5 /* googleDemoTests.xctest */;
			productType = "com.apple.product-type.bundle.unit-test";
		};
		181993171ED9333F007F31D5 /* googleDemoUITests */ = {
			isa = PBXNativeTarget;
			buildConfigurationList = 181993271ED9333F007F31D5 /* Build configuration list for PBXNativeTarget "googleDemoUITests" */;
			buildPhases = (
				DA189CF6AC62755B3979F6EF /* [CP] Check Pods Manifest.lock */,
				181993141ED9333F007F31D5 /* Sources */,
				181993151ED9333F007F31D5 /* Frameworks */,
				181993161ED9333F007F31D5 /* Resources */,
				D06D1F8F1B1AFA2A0A2D1509 /* [CP] Embed Pods Frameworks */,
				0D9CD04C643751257A1E8EA2 /* [CP] Copy Pods Resources */,
			);
			buildRules = (
			);
			dependencies = (
				1819931A1ED9333F007F31D5 /* PBXTargetDependency */,
			);
			name = googleDemoUITests;
			productName = googleDemoUITests;
			productReference = 181993181ED9333F007F31D5 /* googleDemoUITests.xctest */;
			productType = "com.apple.product-type.bundle.ui-testing";
		};
/* End PBXNativeTarget section */

/* Begin PBXProject section */
		181992EC1ED9333F007F31D5 /* Project object */ = {
			isa = PBXProject;
			attributes = {
				LastUpgradeCheck = 0830;
				ORGANIZATIONNAME = 166;
				TargetAttributes = {
					181992F31ED9333F007F31D5 = {
						CreatedOnToolsVersion = 8.3.2;
						DevelopmentTeam = MXDYQ6NL8N;
						ProvisioningStyle = Automatic;
					};
					1819930C1ED9333F007F31D5 = {
						CreatedOnToolsVersion = 8.3.2;
						DevelopmentTeam = MXDYQ6NL8N;
						ProvisioningStyle = Automatic;
						TestTargetID = 181992F31ED9333F007F31D5;
					};
					181993171ED9333F007F31D5 = {
						CreatedOnToolsVersion = 8.3.2;
						DevelopmentTeam = MXDYQ6NL8N;
						ProvisioningStyle = Automatic;
						TestTargetID = 181992F31ED9333F007F31D5;
					};
				};
			};
			buildConfigurationList = 181992EF1ED9333F007F31D5 /* Build configuration list for PBXProject "googleDemo" */;
			compatibilityVersion = "Xcode 3.2";
			developmentRegion = English;
			hasScannedForEncodings = 0;
			knownRegions = (
				en,
				Base,
			);
			mainGroup = 181992EB1ED9333F007F31D5;
			productRefGroup = 181992F51ED9333F007F31D5 /* Products */;
			projectDirPath = "";
			projectRoot = "";
			targets = (
				181992F31ED9333F007F31D5 /* googleDemo */,
				1819930C1ED9333F007F31D5 /* googleDemoTests */,
				181993171ED9333F007F31D5 /* googleDemoUITests */,
			);
		};
/* End PBXProject section */

/* Begin PBXResourcesBuildPhase section */
		181992F21ED9333F007F31D5 /* Resources */ = {
			isa = PBXResourcesBuildPhase;
			buildActionMask = 2147483647;
			files = (
				181993071ED9333F007F31D5 /* LaunchScreen.storyboard in Resources */,
				181993041ED9333F007F31D5 /* Assets.xcassets in Resources */,
				181993021ED9333F007F31D5 /* Main.storyboard in Resources */,
			);
			runOnlyForDeploymentPostprocessing = 0;
		};
		1819930B1ED9333F007F31D5 /* Resources */ = {
			isa = PBXResourcesBuildPhase;
			buildActionMask = 2147483647;
			files = (
			);
			runOnlyForDeploymentPostprocessing = 0;
		};
		181993161ED9333F007F31D5 /* Resources */ = {
			isa = PBXResourcesBuildPhase;
			buildActionMask = 2147483647;
			files = (
			);
			runOnlyForDeploymentPostprocessing = 0;
		};
/* End PBXResourcesBuildPhase section */

/* Begin PBXShellScriptBuildPhase section */
		0601E161059CF075B3350DCC /* [CP] Check Pods Manifest.lock */ = {
			isa = PBXShellScriptBuildPhase;
			buildActionMask = 2147483647;
			files = (
			);
			inputPaths = (
			);
			name = "[CP] Check Pods Manifest.lock";
			outputPaths = (
			);
			runOnlyForDeploymentPostprocessing = 0;
			shellPath = /bin/sh;
			shellScript = "diff \"${PODS_ROOT}/../Podfile.lock\" \"${PODS_ROOT}/Manifest.lock\" > /dev/null\nif [ $? != 0 ] ; then\n    # print error to STDERR\n    echo \"error: The sandbox is not in sync with the Podfile.lock. Run 'pod install' or update your CocoaPods installation.\" >&2\n    exit 1\nfi\n";
			showEnvVarsInLog = 0;
		};
		0D9CD04C643751257A1E8EA2 /* [CP] Copy Pods Resources */ = {
			isa = PBXShellScriptBuildPhase;
			buildActionMask = 2147483647;
			files = (
			);
			inputPaths = (
			);
			name = "[CP] Copy Pods Resources";
			outputPaths = (
			);
			runOnlyForDeploymentPostprocessing = 0;
			shellPath = /bin/sh;
			shellScript = "\"${SRCROOT}/Pods/Target Support Files/Pods-googleDemoUITests/Pods-googleDemoUITests-resources.sh\"\n";
			showEnvVarsInLog = 0;
		};
		1F493B84E80D31192774060D /* [CP] Copy Pods Resources */ = {
			isa = PBXShellScriptBuildPhase;
			buildActionMask = 2147483647;
			files = (
			);
			inputPaths = (
			);
			name = "[CP] Copy Pods Resources";
			outputPaths = (
			);
			runOnlyForDeploymentPostprocessing = 0;
			shellPath = /bin/sh;
			shellScript = "\"${SRCROOT}/Pods/Target Support Files/Pods-googleDemoTests/Pods-googleDemoTests-resources.sh\"\n";
			showEnvVarsInLog = 0;
		};
		4861900F4E0F7F950265C821 /* [CP] Copy Pods Resources */ = {
			isa = PBXShellScriptBuildPhase;
			buildActionMask = 2147483647;
			files = (
			);
			inputPaths = (
			);
			name = "[CP] Copy Pods Resources";
			outputPaths = (
			);
			runOnlyForDeploymentPostprocessing = 0;
			shellPath = /bin/sh;
			shellScript = "\"${SRCROOT}/Pods/Target Support Files/Pods-googleDemo/Pods-googleDemo-resources.sh\"\n";
			showEnvVarsInLog = 0;
		};
		AB1D299C058B10FB000941D2 /* [CP] Check Pods Manifest.lock */ = {
			isa = PBXShellScriptBuildPhase;
			buildActionMask = 2147483647;
			files = (
			);
			inputPaths = (
			);
			name = "[CP] Check Pods Manifest.lock";
			outputPaths = (
			);
			runOnlyForDeploymentPostprocessing = 0;
			shellPath = /bin/sh;
			shellScript = "diff \"${PODS_ROOT}/../Podfile.lock\" \"${PODS_ROOT}/Manifest.lock\" > /dev/null\nif [ $? != 0 ] ; then\n    # print error to STDERR\n    echo \"error: The sandbox is not in sync with the Podfile.lock. Run 'pod install' or update your CocoaPods installation.\" >&2\n    exit 1\nfi\n";
			showEnvVarsInLog = 0;
		};
		D06D1F8F1B1AFA2A0A2D1509 /* [CP] Embed Pods Frameworks */ = {
			isa = PBXShellScriptBuildPhase;
			buildActionMask = 2147483647;
			files = (
			);
			inputPaths = (
			);
			name = "[CP] Embed Pods Frameworks";
			outputPaths = (
			);
			runOnlyForDeploymentPostprocessing = 0;
			shellPath = /bin/sh;
			shellScript = "\"${SRCROOT}/Pods/Target Support Files/Pods-googleDemoUITests/Pods-googleDemoUITests-frameworks.sh\"\n";
			showEnvVarsInLog = 0;
		};
		D9BC87F32EC07474FB7F4F5E /* [CP] Embed Pods Frameworks */ = {
			isa = PBXShellScriptBuildPhase;
			buildActionMask = 2147483647;
			files = (
			);
			inputPaths = (
			);
			name = "[CP] Embed Pods Frameworks";
			outputPaths = (
			);
			runOnlyForDeploymentPostprocessing = 0;
			shellPath = /bin/sh;
			shellScript = "\"${SRCROOT}/Pods/Target Support Files/Pods-googleDemoTests/Pods-googleDemoTests-frameworks.sh\"\n";
			showEnvVarsInLog = 0;
		};
		DA189CF6AC62755B3979F6EF /* [CP] Check Pods Manifest.lock */ = {
			isa = PBXShellScriptBuildPhase;
			buildActionMask = 2147483647;
			files = (
			);
			inputPaths = (
			);
			name = "[CP] Check Pods Manifest.lock";
			outputPaths = (
			);
			runOnlyForDeploymentPostprocessing = 0;
			shellPath = /bin/sh;
			shellScript = "diff \"${PODS_ROOT}/../Podfile.lock\" \"${PODS_ROOT}/Manifest.lock\" > /dev/null\nif [ $? != 0 ] ; then\n    # print error to STDERR\n    echo \"error: The sandbox is not in sync with the Podfile.lock. Run 'pod install' or update your CocoaPods installation.\" >&2\n    exit 1\nfi\n";
			showEnvVarsInLog = 0;
		};
		FF087840BC3631D2BBCB38FF /* [CP] Embed Pods Frameworks */ = {
			isa = PBXShellScriptBuildPhase;
			buildActionMask = 2147483647;
			files = (
			);
			inputPaths = (
			);
			name = "[CP] Embed Pods Frameworks";
			outputPaths = (
			);
			runOnlyForDeploymentPostprocessing = 0;
			shellPath = /bin/sh;
			shellScript = "\"${SRCROOT}/Pods/Target Support Files/Pods-googleDemo/Pods-googleDemo-frameworks.sh\"\n";
			showEnvVarsInLog = 0;
		};
/* End PBXShellScriptBuildPhase section */

/* Begin PBXSourcesBuildPhase section */
		181992F01ED9333F007F31D5 /* Sources */ = {
			isa = PBXSourcesBuildPhase;
			buildActionMask = 2147483647;
			files = (
				1858EAB81EDFBF8000FC850D /* MHAsiNetworkItem.m in Sources */,
				1858EABA1EDFBF8000FC850D /* MHUploadParam.m in Sources */,
				1858EAB91EDFBF8000FC850D /* MHNetworkManager.m in Sources */,
				181992FF1ED9333F007F31D5 /* ViewController.m in Sources */,
				1858EAB51EDFBF8000FC850D /* MBProgressHUD+Add.m in Sources */,
				1858EAB71EDFBF8000FC850D /* MHAsiNetworkHandler.m in Sources */,
				1858EA9B1EDFBDF400FC850D /* jxhttps.m in Sources */,
				181992FC1ED9333F007F31D5 /* AppDelegate.m in Sources */,
				181992F91ED9333F007F31D5 /* main.m in Sources */,
				1858EAB41EDFBF8000FC850D /* Reachability.m in Sources */,
				1858EAB61EDFBF8000FC850D /* MBProgressHUD.m in Sources */,
			);
			runOnlyForDeploymentPostprocessing = 0;
		};
		181993091ED9333F007F31D5 /* Sources */ = {
			isa = PBXSourcesBuildPhase;
			buildActionMask = 2147483647;
			files = (
				181993121ED9333F007F31D5 /* googleDemoTests.m in Sources */,
			);
			runOnlyForDeploymentPostprocessing = 0;
		};
		181993141ED9333F007F31D5 /* Sources */ = {
			isa = PBXSourcesBuildPhase;
			buildActionMask = 2147483647;
			files = (
				1819931D1ED9333F007F31D5 /* googleDemoUITests.m in Sources */,
			);
			runOnlyForDeploymentPostprocessing = 0;
		};
/* End PBXSourcesBuildPhase section */

/* Begin PBXTargetDependency section */
		1819930F1ED9333F007F31D5 /* PBXTargetDependency */ = {
			isa = PBXTargetDependency;
			target = 181992F31ED9333F007F31D5 /* googleDemo */;
			targetProxy = 1819930E1ED9333F007F31D5 /* PBXContainerItemProxy */;
		};
		1819931A1ED9333F007F31D5 /* PBXTargetDependency */ = {
			isa = PBXTargetDependency;
			target = 181992F31ED9333F007F31D5 /* googleDemo */;
			targetProxy = 181993191ED9333F007F31D5 /* PBXContainerItemProxy */;
		};
/* End PBXTargetDependency section */

/* Begin PBXVariantGroup section */
		181993001ED9333F007F31D5 /* Main.storyboard */ = {
			isa = PBXVariantGroup;
			children = (
				181993011ED9333F007F31D5 /* Base */,
			);
			name = Main.storyboard;
			sourceTree = "<group>";
		};
		181993051ED9333F007F31D5 /* LaunchScreen.storyboard */ = {
			isa = PBXVariantGroup;
			children = (
				181993061ED9333F007F31D5 /* Base */,
			);
			name = LaunchScreen.storyboard;
			sourceTree = "<group>";
		};
/* End PBXVariantGroup section */

/* Begin XCBuildConfiguration section */
		1819931F1ED9333F007F31D5 /* Debug */ = {
			isa = XCBuildConfiguration;
			buildSettings = {
				ALWAYS_SEARCH_USER_PATHS = NO;
				CLANG_ANALYZER_NONNULL = YES;
				CLANG_ANALYZER_NUMBER_OBJECT_CONVERSION = YES_AGGRESSIVE;
				CLANG_CXX_LANGUAGE_STANDARD = "gnu++0x";
				CLANG_CXX_LIBRARY = "libc++";
				CLANG_ENABLE_MODULES = YES;
				CLANG_ENABLE_OBJC_ARC = YES;
				CLANG_WARN_BOOL_CONVERSION = YES;
				CLANG_WARN_CONSTANT_CONVERSION = YES;
				CLANG_WARN_DIRECT_OBJC_ISA_USAGE = YES_ERROR;
				CLANG_WARN_DOCUMENTATION_COMMENTS = YES;
				CLANG_WARN_EMPTY_BODY = YES;
				CLANG_WARN_ENUM_CONVERSION = YES;
				CLANG_WARN_INFINITE_RECURSION = YES;
				CLANG_WARN_INT_CONVERSION = YES;
				CLANG_WARN_OBJC_ROOT_CLASS = YES_ERROR;
				CLANG_WARN_SUSPICIOUS_MOVE = YES;
				CLANG_WARN_UNREACHABLE_CODE = YES;
				CLANG_WARN__DUPLICATE_METHOD_MATCH = YES;
				"CODE_SIGN_IDENTITY[sdk=iphoneos*]" = "iPhone Developer";
				COPY_PHASE_STRIP = NO;
				DEBUG_INFORMATION_FORMAT = dwarf;
				ENABLE_STRICT_OBJC_MSGSEND = YES;
				ENABLE_TESTABILITY = YES;
				GCC_C_LANGUAGE_STANDARD = gnu99;
				GCC_DYNAMIC_NO_PIC = NO;
				GCC_NO_COMMON_BLOCKS = YES;
				GCC_OPTIMIZATION_LEVEL = 0;
				GCC_PREPROCESSOR_DEFINITIONS = (
					"DEBUG=1",
					"$(inherited)",
				);
				GCC_WARN_64_TO_32_BIT_CONVERSION = YES;
				GCC_WARN_ABOUT_RETURN_TYPE = YES_ERROR;
				GCC_WARN_UNDECLARED_SELECTOR = YES;
				GCC_WARN_UNINITIALIZED_AUTOS = YES_AGGRESSIVE;
				GCC_WARN_UNUSED_FUNCTION = YES;
				GCC_WARN_UNUSED_VARIABLE = YES;
				IPHONEOS_DEPLOYMENT_TARGET = 10.3;
				MTL_ENABLE_DEBUG_INFO = YES;
				ONLY_ACTIVE_ARCH = YES;
				SDKROOT = iphoneos;
				TARGETED_DEVICE_FAMILY = "1,2";
			};
			name = Debug;
		};
		181993201ED9333F007F31D5 /* Release */ = {
			isa = XCBuildConfiguration;
			buildSettings = {
				ALWAYS_SEARCH_USER_PATHS = NO;
				CLANG_ANALYZER_NONNULL = YES;
				CLANG_ANALYZER_NUMBER_OBJECT_CONVERSION = YES_AGGRESSIVE;
				CLANG_CXX_LANGUAGE_STANDARD = "gnu++0x";
				CLANG_CXX_LIBRARY = "libc++";
				CLANG_ENABLE_MODULES = YES;
				CLANG_ENABLE_OBJC_ARC = YES;
				CLANG_WARN_BOOL_CONVERSION = YES;
				CLANG_WARN_CONSTANT_CONVERSION = YES;
				CLANG_WARN_DIRECT_OBJC_ISA_USAGE = YES_ERROR;
				CLANG_WARN_DOCUMENTATION_COMMENTS = YES;
				CLANG_WARN_EMPTY_BODY = YES;
				CLANG_WARN_ENUM_CONVERSION = YES;
				CLANG_WARN_INFINITE_RECURSION = YES;
				CLANG_WARN_INT_CONVERSION = YES;
				CLANG_WARN_OBJC_ROOT_CLASS = YES_ERROR;
				CLANG_WARN_SUSPICIOUS_MOVE = YES;
				CLANG_WARN_UNREACHABLE_CODE = YES;
				CLANG_WARN__DUPLICATE_METHOD_MATCH = YES;
				"CODE_SIGN_IDENTITY[sdk=iphoneos*]" = "iPhone Developer";
				COPY_PHASE_STRIP = NO;
				DEBUG_INFORMATION_FORMAT = "dwarf-with-dsym";
				ENABLE_NS_ASSERTIONS = NO;
				ENABLE_STRICT_OBJC_MSGSEND = YES;
				GCC_C_LANGUAGE_STANDARD = gnu99;
				GCC_NO_COMMON_BLOCKS = YES;
				GCC_WARN_64_TO_32_BIT_CONVERSION = YES;
				GCC_WARN_ABOUT_RETURN_TYPE = YES_ERROR;
				GCC_WARN_UNDECLARED_SELECTOR = YES;
				GCC_WARN_UNINITIALIZED_AUTOS = YES_AGGRESSIVE;
				GCC_WARN_UNUSED_FUNCTION = YES;
				GCC_WARN_UNUSED_VARIABLE = YES;
				IPHONEOS_DEPLOYMENT_TARGET = 10.3;
				MTL_ENABLE_DEBUG_INFO = NO;
				SDKROOT = iphoneos;
				TARGETED_DEVICE_FAMILY = "1,2";
				VALIDATE_PRODUCT = YES;
			};
			name = Release;
		};
		181993221ED9333F007F31D5 /* Debug */ = {
			isa = XCBuildConfiguration;
			baseConfigurationReference = 8E933B08DEE06A7E9BAF2AD3 /* Pods-googleDemo.debug.xcconfig */;
			buildSettings = {
				ASSETCATALOG_COMPILER_APPICON_NAME = AppIcon;
				DEVELOPMENT_TEAM = MXDYQ6NL8N;
				INFOPLIST_FILE = googleDemo/Info.plist;
				IPHONEOS_DEPLOYMENT_TARGET = 8.0;
				LD_RUNPATH_SEARCH_PATHS = "$(inherited) @executable_path/Frameworks";
				PRODUCT_BUNDLE_IDENTIFIER = "RonXiong.RXGooglemap-Master";
				PRODUCT_NAME = "$(TARGET_NAME)";
			};
			name = Debug;
		};
		181993231ED9333F007F31D5 /* Release */ = {
			isa = XCBuildConfiguration;
			baseConfigurationReference = 994794F735D093EBAFD0C4ED /* Pods-googleDemo.release.xcconfig */;
			buildSettings = {
				ASSETCATALOG_COMPILER_APPICON_NAME = AppIcon;
				DEVELOPMENT_TEAM = MXDYQ6NL8N;
				INFOPLIST_FILE = googleDemo/Info.plist;
				IPHONEOS_DEPLOYMENT_TARGET = 8.0;
				LD_RUNPATH_SEARCH_PATHS = "$(inherited) @executable_path/Frameworks";
				PRODUCT_BUNDLE_IDENTIFIER = "RonXiong.RXGooglemap-Master";
				PRODUCT_NAME = "$(TARGET_NAME)";
			};
			name = Release;
		};
		181993251ED9333F007F31D5 /* Debug */ = {
			isa = XCBuildConfiguration;
			baseConfigurationReference = 70A8B7645B372C8B2EAFA99E /* Pods-googleDemoTests.debug.xcconfig */;
			buildSettings = {
				BUNDLE_LOADER = "$(TEST_HOST)";
				DEVELOPMENT_TEAM = MXDYQ6NL8N;
				INFOPLIST_FILE = googleDemoTests/Info.plist;
				LD_RUNPATH_SEARCH_PATHS = "$(inherited) @executable_path/Frameworks @loader_path/Frameworks";
				PRODUCT_BUNDLE_IDENTIFIER = com.googleDemo.jx.googleDemoTests;
				PRODUCT_NAME = "$(TARGET_NAME)";
				TEST_HOST = "$(BUILT_PRODUCTS_DIR)/googleDemo.app/googleDemo";
			};
			name = Debug;
		};
		181993261ED9333F007F31D5 /* Release */ = {
			isa = XCBuildConfiguration;
			baseConfigurationReference = 0B732B0A7BBE10E687AACD53 /* Pods-googleDemoTests.release.xcconfig */;
			buildSettings = {
				BUNDLE_LOADER = "$(TEST_HOST)";
				DEVELOPMENT_TEAM = MXDYQ6NL8N;
				INFOPLIST_FILE = googleDemoTests/Info.plist;
				LD_RUNPATH_SEARCH_PATHS = "$(inherited) @executable_path/Frameworks @loader_path/Frameworks";
				PRODUCT_BUNDLE_IDENTIFIER = com.googleDemo.jx.googleDemoTests;
				PRODUCT_NAME = "$(TARGET_NAME)";
				TEST_HOST = "$(BUILT_PRODUCTS_DIR)/googleDemo.app/googleDemo";
			};
			name = Release;
		};
		181993281ED9333F007F31D5 /* Debug */ = {
			isa = XCBuildConfiguration;
			baseConfigurationReference = 8699CB1B3A3D468977BA233F /* Pods-googleDemoUITests.debug.xcconfig */;
			buildSettings = {
				DEVELOPMENT_TEAM = MXDYQ6NL8N;
				INFOPLIST_FILE = googleDemoUITests/Info.plist;
				LD_RUNPATH_SEARCH_PATHS = "$(inherited) @executable_path/Frameworks @loader_path/Frameworks";
				PRODUCT_BUNDLE_IDENTIFIER = com.googleDemo.jx.googleDemoUITests;
				PRODUCT_NAME = "$(TARGET_NAME)";
				TEST_TARGET_NAME = googleDemo;
			};
			name = Debug;
		};
		181993291ED9333F007F31D5 /* Release */ = {
			isa = XCBuildConfiguration;
			baseConfigurationReference = 3CCB213D082380626FC29B0C /* Pods-googleDemoUITests.release.xcconfig */;
			buildSettings = {
				DEVELOPMENT_TEAM = MXDYQ6NL8N;
				INFOPLIST_FILE = googleDemoUITests/Info.plist;
				LD_RUNPATH_SEARCH_PATHS = "$(inherited) @executable_path/Frameworks @loader_path/Frameworks";
				PRODUCT_BUNDLE_IDENTIFIER = com.googleDemo.jx.googleDemoUITests;
				PRODUCT_NAME = "$(TARGET_NAME)";
				TEST_TARGET_NAME = googleDemo;
			};
			name = Release;
		};
/* End XCBuildConfiguration section */

/* Begin XCConfigurationList section */
		181992EF1ED9333F007F31D5 /* Build configuration list for PBXProject "googleDemo" */ = {
			isa = XCConfigurationList;
			buildConfigurations = (
				1819931F1ED9333F007F31D5 /* Debug */,
				181993201ED9333F007F31D5 /* Release */,
			);
			defaultConfigurationIsVisible = 0;
			defaultConfigurationName = Release;
		};
		181993211ED9333F007F31D5 /* Build configuration list for PBXNativeTarget "googleDemo" */ = {
			isa = XCConfigurationList;
			buildConfigurations = (
				181993221ED9333F007F31D5 /* Debug */,
				181993231ED9333F007F31D5 /* Release */,
			);
			defaultConfigurationIsVisible = 0;
			defaultConfigurationName = Release;
		};
		181993241ED9333F007F31D5 /* Build configuration list for PBXNativeTarget "googleDemoTests" */ = {
			isa = XCConfigurationList;
			buildConfigurations = (
				181993251ED9333F007F31D5 /* Debug */,
				181993261ED9333F007F31D5 /* Release */,
			);
			defaultConfigurationIsVisible = 0;
			defaultConfigurationName = Release;
		};
		181993271ED9333F007F31D5 /* Build configuration list for PBXNativeTarget "googleDemoUITests" */ = {
			isa = XCConfigurationList;
			buildConfigurations = (
				181993281ED9333F007F31D5 /* Debug */,
				181993291ED9333F007F31D5 /* Release */,
			);
			defaultConfigurationIsVisible = 0;
			defaultConfigurationName = Release;
		};
/* End XCConfigurationList section */
	};
	rootObject = 181992EC1ED9333F007F31D5 /* Project object */;
}
